
Microsoft Visual Studio Solution File, Format Version 12.00
# Visual Studio Version 16
VisualStudioVersion = 16.0.29025.244
MinimumVisualStudioVersion = 10.0.40219.1
Project("{FAE04EC0-301F-11D3-BF4B-00C04F79EFBC}") = "RougelikeGame", "RougelikeGame\RougelikeGame.csproj", "{147A8ACF-E9BF-4026-B757-A2C9323F05DE}"
EndProject
Global
	GlobalSection(SolutionConfigurationPlatforms) = preSolution
		Debug|Any CPU = Debug|Any CPU
		Release|Any CPU = Release|Any CPU
	EndGlobalSection
	GlobalSection(ProjectConfigurationPlatforms) = postSolution
		{147A8ACF-E9BF-4026-B757-A2C9323F05DE}.Debug|Any CPU.ActiveCfg = Debug|Any CPU
		{147A8ACF-E9BF-4026-B757-A2C9323F05DE}.Debug|Any CPU.Build.0 = Debug|Any CPU
		{147A8ACF-E9BF-4026-B757-A2C9323F05DE}.Release|Any CPU.ActiveCfg = Release|Any CPU
		{147A8ACF-E9BF-4026-B757-A2C9323F05DE}.Release|Any CPU.Build.0 = Release|Any CPU
	EndGlobalSection
	GlobalSection(SolutionProperties) = preSolution
		HideSolutionNode = FALSE
	EndGlobalSection
	GlobalSection(ExtensibilityGlobals) = postSolution
		SolutionGuid = {2BCC2EC9-70FA-4CBA-80E4-2759E6C8F722}
	EndGlobalSection
EndGlobal
